</linkedResources>
   <filteredResources>
      <filter>
         <id>1342444384061</id>
         <name></name>
         <type>22</type>
         <matcher>
            <id>org.eclipse.ui.ide.multiFilter</id>
            <arguments>1.0-name-matches-false-false-cmake_install.cmake</arguments>
         </matcher>
      </filter>
      <filter>
         <id>1342444384063</id>
         <name></name>
         <type>22</type>
         <matcher>
            <id>org.eclipse.ui.ide.multiFilter</id>
            <arguments>1.0-name-matches-false-false-CMakeCache.txt</arguments>
         </matcher>
      </filter>
      <filter>
         <id>1342444384068</id>
         <name></name>
         <type>22</type>
         <matcher>
            <id>org.eclipse.ui.ide.multiFilter</id>
            <arguments>1.0-name-matches-false-false-Makefile</arguments>
         </matcher>
      </filter>
      <filter>
         <id>1342444384070</id>
         <name></name>
         <type>26</type>
         <matcher>
            <id>org.eclipse.ui.ide.multiFilter</id>
            <arguments>1.0-name-matches-false-false-CMakeFiles</arguments>
         </matcher>
      </filter>
      <filter>
         <id>1342444384073</id>
         <name></name>
         <type>22</type>
         <matcher>
            <id>org.eclipse.ui.ide.multiFilter</id>
            <arguments>1.0-name-matches-false-false-*.cxx</arguments>
         </matcher>
      </filter>
      <filter>
         <id>1342444384075</id>
         <name></name>
         <type>22</type>
         <matcher>
            <id>org.eclipse.ui.ide.multiFilter</id>
            <arguments>1.0-name-matches-false-false-*.html</arguments>
         </matcher>
      </filter>
      <filter>
         <id>1342444384077</id>
         <name></name>
         <type>22</type>
         <matcher>
            <id>org.eclipse.ui.ide.multiFilter</id>
            <arguments>1.0-name-matches-false-false-*.so</arguments>
         </matcher>
      </filter>
      <filter>
         <id>1342444384080</id>
         <name></name>
         <type>22</type>
         <matcher>
            <id>org.eclipse.ui.ide.multiFilter</id>
            <arguments>1.0-name-matches-false-false-*.mexa64</arguments>
         </matcher>
      </filter>
      <filter>
         <id>1342444384082</id>
         <name></name>
         <type>22</type>
         <matcher>
            <id>org.eclipse.ui.ide.multiFilter</id>
            <arguments>1.0-name-matches-false-false-*.a</arguments>
         </matcher>
      </filter>
      <filter>
         <id>1342445791123</id>
         <name></name>
         <type>22</type>
         <matcher>
            <id>org.eclipse.ui.ide.multiFilter</id>
            <arguments>1.0-name-matches-false-false-HOWTO_CMake.txt</arguments>
         </matcher>
      </filter>
   </filteredResources>
</projectDescription>